
Microsoft Visual Studio Solution File, Format Version 12.00
# Visual Studio Version 16
VisualStudioVersion = 16.0.30523.141
MinimumVisualStudioVersion = 10.0.40219.1
Project("{8BC9CEB8-8B4A-11D0-8D11-00A0C91BC942}") = "CTestB", "CTestB\CTestB.vcxproj", "{725CC21D-BF1D-4FD3-8990-2D8BE2A0D4FB}"
EndProject
Project("{8BC9CEB8-8B4A-11D0-8D11-00A0C91BC942}") = "CTestFiles", "CTestFiles\CTestFiles.vcxproj", "{B8183D66-EDB2-4483-B83A-015E4BA629F6}"
EndProject
Global
	GlobalSection(SolutionConfigurationPlatforms) = preSolution
		Debug|x64 = Debug|x64
		Debug|x86 = Debug|x86
		Release|x64 = Release|x64
		Release|x86 = Release|x86
	EndGlobalSection
	GlobalSection(ProjectConfigurationPlatforms) = postSolution
		{725CC21D-BF1D-4FD3-8990-2D8BE2A0D4FB}.Debug|x64.ActiveCfg = Debug|x64
		{725CC21D-BF1D-4FD3-8990-2D8BE2A0D4FB}.Debug|x64.Build.0 = Debug|x64
		{725CC21D-BF1D-4FD3-8990-2D8BE2A0D4FB}.Debug|x86.ActiveCfg = Debug|Win32
		{725CC21D-BF1D-4FD3-8990-2D8BE2A0D4FB}.Debug|x86.Build.0 = Debug|Win32
		{725CC21D-BF1D-4FD3-8990-2D8BE2A0D4FB}.Release|x64.ActiveCfg = Release|x64
		{725CC21D-BF1D-4FD3-8990-2D8BE2A0D4FB}.Release|x64.Build.0 = Release|x64
		{725CC21D-BF1D-4FD3-8990-2D8BE2A0D4FB}.Release|x86.ActiveCfg = Release|Win32
		{725CC21D-BF1D-4FD3-8990-2D8BE2A0D4FB}.Release|x86.Build.0 = Release|Win32
		{B8183D66-EDB2-4483-B83A-015E4BA629F6}.Debug|x64.ActiveCfg = Debug|x64
		{B8183D66-EDB2-4483-B83A-015E4BA629F6}.Debug|x64.Build.0 = Debug|x64
		{B8183D66-EDB2-4483-B83A-015E4BA629F6}.Debug|x86.ActiveCfg = Debug|Win32
		{B8183D66-EDB2-4483-B83A-015E4BA629F6}.Debug|x86.Build.0 = Debug|Win32
		{B8183D66-EDB2-4483-B83A-015E4BA629F6}.Release|x64.ActiveCfg = Release|x64
		{B8183D66-EDB2-4483-B83A-015E4BA629F6}.Release|x64.Build.0 = Release|x64
		{B8183D66-EDB2-4483-B83A-015E4BA629F6}.Release|x86.ActiveCfg = Release|Win32
		{B8183D66-EDB2-4483-B83A-015E4BA629F6}.Release|x86.Build.0 = Release|Win32
	EndGlobalSection
	GlobalSection(SolutionProperties) = preSolution
		HideSolutionNode = FALSE
	EndGlobalSection
	GlobalSection(ExtensibilityGlobals) = postSolution
		SolutionGuid = {64BAF470-0FFC-4273-A592-E027C5437B18}
	EndGlobalSection
EndGlobal
